
Microsoft Visual Studio Solution File, Format Version 12.00
# Visual Studio Version 16
VisualStudioVersion = 16.0.30907.101
MinimumVisualStudioVersion = 10.0.40219.1
Project("{FAE04EC0-301F-11D3-BF4B-00C04F79EFBC}") = "Service", "Encrypter\Service.csproj", "{546B695B-CF6A-493F-AE3E-DBED89DD7F82}"
EndProject
Project("{FAE04EC0-301F-11D3-BF4B-00C04F79EFBC}") = "Manager", "Manager\Manager.csproj", "{F42AB59A-3FAB-4876-82E4-94327A2C8E7D}"
EndProject
Global
	GlobalSection(SolutionConfigurationPlatforms) = preSolution
		Debug|Any CPU = Debug|Any CPU
		Release|Any CPU = Release|Any CPU
	EndGlobalSection
	GlobalSection(ProjectConfigurationPlatforms) = postSolution
		{546B695B-CF6A-493F-AE3E-DBED89DD7F82}.Debug|Any CPU.ActiveCfg = Debug|Any CPU
		{546B695B-CF6A-493F-AE3E-DBED89DD7F82}.Debug|Any CPU.Build.0 = Debug|Any CPU
		{546B695B-CF6A-493F-AE3E-DBED89DD7F82}.Release|Any CPU.ActiveCfg = Release|Any CPU
		{546B695B-CF6A-493F-AE3E-DBED89DD7F82}.Release|Any CPU.Build.0 = Release|Any CPU
		{F42AB59A-3FAB-4876-82E4-94327A2C8E7D}.Debug|Any CPU.ActiveCfg = Debug|Any CPU
		{F42AB59A-3FAB-4876-82E4-94327A2C8E7D}.Debug|Any CPU.Build.0 = Debug|Any CPU
		{F42AB59A-3FAB-4876-82E4-94327A2C8E7D}.Release|Any CPU.ActiveCfg = Release|Any CPU
		{F42AB59A-3FAB-4876-82E4-94327A2C8E7D}.Release|Any CPU.Build.0 = Release|Any CPU
	EndGlobalSection
	GlobalSection(SolutionProperties) = preSolution
		HideSolutionNode = FALSE
	EndGlobalSection
	GlobalSection(ExtensibilityGlobals) = postSolution
		SolutionGuid = {92033DEC-4E07-479D-9333-5B1E0EE7A8A5}
	EndGlobalSection
EndGlobal
